
Microsoft Visual Studio Solution File, Format Version 12.00
# Visual Studio Version 17
VisualStudioVersion = 17.0.31903.59
MinimumVisualStudioVersion = 10.0.40219.1
Project("{FAE04EC0-301F-11D3-BF4B-00C04F79EFBC}") = "AuctionHouse2", "AuctionHouse2\AuctionHouse2.csproj", "{100BA830-EA2C-444A-B998-E3EEDEEF1389}"
EndProject
Project("{FAE04EC0-301F-11D3-BF4B-00C04F79EFBC}") = "AuctionHouse_Tests", "AuctionHouse_Tests\AuctionHouse_Tests.csproj", "{3CBC2C18-75CF-4BC3-9EBA-66F094119DC2}"
EndProject
Global
	GlobalSection(SolutionConfigurationPlatforms) = preSolution
		Debug|Any CPU = Debug|Any CPU
		Release|Any CPU = Release|Any CPU
	EndGlobalSection
	GlobalSection(SolutionProperties) = preSolution
		HideSolutionNode = FALSE
	EndGlobalSection
	GlobalSection(ProjectConfigurationPlatforms) = postSolution
		{100BA830-EA2C-444A-B998-E3EEDEEF1389}.Debug|Any CPU.ActiveCfg = Debug|Any CPU
		{100BA830-EA2C-444A-B998-E3EEDEEF1389}.Debug|Any CPU.Build.0 = Debug|Any CPU
		{100BA830-EA2C-444A-B998-E3EEDEEF1389}.Release|Any CPU.ActiveCfg = Release|Any CPU
		{100BA830-EA2C-444A-B998-E3EEDEEF1389}.Release|Any CPU.Build.0 = Release|Any CPU
		{3CBC2C18-75CF-4BC3-9EBA-66F094119DC2}.Debug|Any CPU.ActiveCfg = Debug|Any CPU
		{3CBC2C18-75CF-4BC3-9EBA-66F094119DC2}.Debug|Any CPU.Build.0 = Debug|Any CPU
		{3CBC2C18-75CF-4BC3-9EBA-66F094119DC2}.Release|Any CPU.ActiveCfg = Release|Any CPU
		{3CBC2C18-75CF-4BC3-9EBA-66F094119DC2}.Release|Any CPU.Build.0 = Release|Any CPU
	EndGlobalSection
EndGlobal
